<?xml version="1.0" encoding="utf-8"?>
<Project ToolsVersion="4.0" xmlns="http://schemas.microsoft.com/developer/msbuild/2003">
  <ItemGroup>
    <Filter Include="Source Files">
      <UniqueIdentifier>{4FC737F1-C7A5-4376-A066-2A32D752A2FF}</UniqueIdentifier>
      <Extensions>cpp;c;cc;cxx;def;odl;idl;hpj;bat;asm;asmx</Extensions>
    </Filter>
    <Filter Include="Header Files">
      <UniqueIdentifier>{93995380-89BD-4b04-88EB-625FBE52EBFB}</UniqueIdentifier>
      <Extensions>h;hpp;hxx;hm;inl;inc;xsd</Extensions>
    </Filter>
    <Filter Include="Resource Files">
      <UniqueIdentifier>{67DA6AB6-F800-4c08-8B7A-83BB121AAD01}</UniqueIdentifier>
      <Extensions>rc;ico;cur;bmp;dlg;rc2;rct;bin;rgs;gif;jpg;jpeg;jpe;resx;tiff;tif;png;wav;mfcribbon-ms</Extensions>
    </Filter>
    <Filter Include="Header Files\application">
      <UniqueIdentifier>{8fcdf245-9180-4f94-980c-730fd1ab83f4}</UniqueIdentifier>
    </Filter>
    <Filter Include="Header Files\d3d">
      <UniqueIdentifier>{ceee52e4-a1ef-44d2-a711-9946fbe133c8}</UniqueIdentifier>
    </Filter>
    <Filter Include="Header Files\physics">
      <UniqueIdentifier>{68312c40-3097-4b4e-9bc9-18618e9128e4}</UniqueIdentifier>
    </Filter>
    <Filter Include="Source Files\application">
      <UniqueIdentifier>{2db7c50d-0ed6-4456-8c97-3878fd136c87}</UniqueIdentifier>
    </Filter>
    <Filter Include="Source Files\d3d">
      <UniqueIdentifier>{437fa679-84ec-484e-ba11-13c767dcaf01}</UniqueIdentifier>
    </Filter>
    <Filter Include="Source Files\physics">
      <UniqueIdentifier>{5cac181f-ac7c-43b4-ad74-44662858f676}</UniqueIdentifier>
    </Filter>
  </ItemGroup>
  <ItemGroup>
    <ClInclude Include="core.h">
      <Filter>Header Files</Filter>
    </ClInclude>
    <ClInclude Include="objects\object_manager.h">
      <Filter>Header Files</Filter>
    </ClInclude>
    <ClInclude Include="application.h">
      <Filter>Header Files\application</Filter>
    </ClInclude>
    <ClInclude Include="application_header.h">
      <Filter>Header Files\application</Filter>
    </ClInclude>
    <ClInclude Include="demos\bigballistic\bigballistic.h">
      <Filter>Header Files\application</Filter>
    </ClInclude>
    <ClInclude Include="clock.h">
      <Filter>Header Files\application</Filter>
    </ClInclude>
    <ClInclude Include="window\d3d_window.h">
      <Filter>Header Files\d3d</Filter>
    </ClInclude>
    <ClInclude Include="window\d3d_manager.h">
      <Filter>Header Files\d3d</Filter>
    </ClInclude>
    <ClInclude Include="physics\body.h">
      <Filter>Header Files\physics</Filter>
    </ClInclude>
    <ClInclude Include="physics\collide_fine.h">
      <Filter>Header Files\physics</Filter>
    </ClInclude>
    <ClInclude Include="physics\contacts.h">
      <Filter>Header Files\physics</Filter>
    </ClInclude>
    <ClInclude Include="physics\force_generators.h">
      <Filter>Header Files\physics</Filter>
    </ClInclude>
    <ClInclude Include="physics\physics.h">
      <Filter>Header Files\physics</Filter>
    </ClInclude>
    <ClInclude Include="physics\random.h">
      <Filter>Header Files\physics</Filter>
    </ClInclude>
  </ItemGroup>
  <ItemGroup>
    <ClCompile Include="objects\object_manager.cpp">
      <Filter>Source Files</Filter>
    </ClCompile>
    <ClCompile Include="application.cpp">
      <Filter>Source Files\application</Filter>
    </ClCompile>
    <ClCompile Include="demos\bigballistic\bigballistic.cpp">
      <Filter>Source Files\application</Filter>
    </ClCompile>
    <ClCompile Include="demos\bigballistic\bigballistic_application.cpp">
      <Filter>Source Files\application</Filter>
    </ClCompile>
    <ClCompile Include="clock.cpp">
      <Filter>Source Files\application</Filter>
    </ClCompile>
    <ClCompile Include="window\d3d_manager.cpp">
      <Filter>Source Files\d3d</Filter>
    </ClCompile>
    <ClCompile Include="window\d3d_window.cpp">
      <Filter>Source Files\d3d</Filter>
    </ClCompile>
    <ClCompile Include="physics\body.cpp">
      <Filter>Source Files\physics</Filter>
    </ClCompile>
    <ClCompile Include="physics\collide_fine.cpp">
      <Filter>Source Files\physics</Filter>
    </ClCompile>
    <ClCompile Include="physics\contacts.cpp">
      <Filter>Source Files\physics</Filter>
    </ClCompile>
    <ClCompile Include="physics\force_generators.cpp">
      <Filter>Source Files\physics</Filter>
    </ClCompile>
    <ClCompile Include="physics\random.cpp">
      <Filter>Source Files\physics</Filter>
    </ClCompile>
  </ItemGroup>
</Project>