<?xml version="1.0" encoding="utf-8"?>
<Project ToolsVersion="4.0" xmlns="http://schemas.microsoft.com/developer/msbuild/2003">
  <ItemGroup>
    <Filter Include="Source Files">
      <UniqueIdentifier>{4FC737F1-C7A5-4376-A066-2A32D752A2FF}</UniqueIdentifier>
      <Extensions>cpp;c;cc;cxx;def;odl;idl;hpj;bat;asm;asmx</Extensions>
    </Filter>
    <Filter Include="Header Files">
      <UniqueIdentifier>{93995380-89BD-4b04-88EB-625FBE52EBFB}</UniqueIdentifier>
      <Extensions>h;hpp;hxx;hm;inl;inc;xsd</Extensions>
    </Filter>
    <Filter Include="Resource Files">
      <UniqueIdentifier>{67DA6AB6-F800-4c08-8B7A-83BB121AAD01}</UniqueIdentifier>
      <Extensions>rc;ico;cur;bmp;dlg;rc2;rct;bin;rgs;gif;jpg;jpeg;jpe;resx;tiff;tif;png;wav;mfcribbon-ms</Extensions>
    </Filter>
    <Filter Include="Header Files\application">
      <UniqueIdentifier>{49e12f42-8df4-4c55-8fc3-e0b74fe905a1}</UniqueIdentifier>
    </Filter>
    <Filter Include="Header Files\d3d">
      <UniqueIdentifier>{c0f42ef8-e380-42b0-9f57-8b678f71fb87}</UniqueIdentifier>
    </Filter>
    <Filter Include="Header Files\physics">
      <UniqueIdentifier>{64a3f009-f35e-44d3-9b80-fedc72388d14}</UniqueIdentifier>
    </Filter>
    <Filter Include="Source Files\application">
      <UniqueIdentifier>{215356ec-1f41-4e91-9608-7a59f2edd275}</UniqueIdentifier>
    </Filter>
    <Filter Include="Source Files\d3d">
      <UniqueIdentifier>{c8fcfe00-a3c1-4793-af87-5e2939d32cb2}</UniqueIdentifier>
    </Filter>
    <Filter Include="Source Files\physics">
      <UniqueIdentifier>{c47b0102-b257-4853-acc2-4a38332aad6d}</UniqueIdentifier>
    </Filter>
  </ItemGroup>
  <ItemGroup>
    <ClInclude Include="core.h">
      <Filter>Header Files</Filter>
    </ClInclude>
    <ClInclude Include="objects\object_manager.h">
      <Filter>Header Files</Filter>
    </ClInclude>
    <ClInclude Include="application.h">
      <Filter>Header Files\application</Filter>
    </ClInclude>
    <ClInclude Include="application_header.h">
      <Filter>Header Files\application</Filter>
    </ClInclude>
    <ClInclude Include="clock.h">
      <Filter>Header Files\application</Filter>
    </ClInclude>
    <ClInclude Include="window\d3d_manager.h">
      <Filter>Header Files\d3d</Filter>
    </ClInclude>
    <ClInclude Include="window\d3d_window.h">
      <Filter>Header Files\d3d</Filter>
    </ClInclude>
    <ClInclude Include="demos\blob\blob.h">
      <Filter>Header Files\application</Filter>
    </ClInclude>
    <ClInclude Include="physics\particle.h">
      <Filter>Header Files\physics</Filter>
    </ClInclude>
    <ClInclude Include="physics\particle_world.h">
      <Filter>Header Files\physics</Filter>
    </ClInclude>
    <ClInclude Include="physics\pcontacts.h">
      <Filter>Header Files\physics</Filter>
    </ClInclude>
    <ClInclude Include="physics\pforce_generators.h">
      <Filter>Header Files\physics</Filter>
    </ClInclude>
    <ClInclude Include="physics\physics.h">
      <Filter>Header Files\physics</Filter>
    </ClInclude>
    <ClInclude Include="physics\plinks.h">
      <Filter>Header Files\physics</Filter>
    </ClInclude>
    <ClInclude Include="physics\random.h">
      <Filter>Header Files\physics</Filter>
    </ClInclude>
    <ClInclude Include="resource2.h">
      <Filter>Header Files</Filter>
    </ClInclude>
  </ItemGroup>
  <ItemGroup>
    <ClCompile Include="objects\object_manager.cpp">
      <Filter>Source Files</Filter>
    </ClCompile>
    <ClCompile Include="application.cpp">
      <Filter>Source Files\application</Filter>
    </ClCompile>
    <ClCompile Include="demos\blob\blob.cpp">
      <Filter>Source Files\application</Filter>
    </ClCompile>
    <ClCompile Include="demos\blob\blob_application.cpp">
      <Filter>Source Files\application</Filter>
    </ClCompile>
    <ClCompile Include="clock.cpp">
      <Filter>Source Files\application</Filter>
    </ClCompile>
    <ClCompile Include="window\d3d_window.cpp">
      <Filter>Source Files\d3d</Filter>
    </ClCompile>
    <ClCompile Include="window\d3d_manager.cpp">
      <Filter>Source Files\d3d</Filter>
    </ClCompile>
    <ClCompile Include="physics\particle.cpp">
      <Filter>Source Files\physics</Filter>
    </ClCompile>
    <ClCompile Include="physics\particle_world.cpp">
      <Filter>Source Files\physics</Filter>
    </ClCompile>
    <ClCompile Include="physics\pcontacts.cpp">
      <Filter>Source Files\physics</Filter>
    </ClCompile>
    <ClCompile Include="physics\pforce_generators.cpp">
      <Filter>Source Files\physics</Filter>
    </ClCompile>
    <ClCompile Include="physics\plinks.cpp">
      <Filter>Source Files\physics</Filter>
    </ClCompile>
    <ClCompile Include="physics\random.cpp">
      <Filter>Source Files\physics</Filter>
    </ClCompile>
  </ItemGroup>
  <ItemGroup>
    <None Include="data\cube._mesh" />
    <None Include="data\sphere._mesh" />
  </ItemGroup>
  <ItemGroup>
    <ResourceCompile Include="blob.rc">
      <Filter>Resource Files</Filter>
    </ResourceCompile>
  </ItemGroup>
</Project>